
Microsoft Visual Studio Solution File, Format Version 12.00
# Visual Studio Version 16
VisualStudioVersion = 16.0.31702.278
MinimumVisualStudioVersion = 10.0.40219.1
Project("{FAE04EC0-301F-11D3-BF4B-00C04F79EFBC}") = "IspitnaFilms", "IspitnaFilms\IspitnaFilms.csproj", "{38E6FF0F-6B22-4F35-B4F7-16D25ADF47E1}"
EndProject
Global
	GlobalSection(SolutionConfigurationPlatforms) = preSolution
		Debug|Any CPU = Debug|Any CPU
		Release|Any CPU = Release|Any CPU
	EndGlobalSection
	GlobalSection(ProjectConfigurationPlatforms) = postSolution
		{38E6FF0F-6B22-4F35-B4F7-16D25ADF47E1}.Debug|Any CPU.ActiveCfg = Debug|Any CPU
		{38E6FF0F-6B22-4F35-B4F7-16D25ADF47E1}.Debug|Any CPU.Build.0 = Debug|Any CPU
		{38E6FF0F-6B22-4F35-B4F7-16D25ADF47E1}.Release|Any CPU.ActiveCfg = Release|Any CPU
		{38E6FF0F-6B22-4F35-B4F7-16D25ADF47E1}.Release|Any CPU.Build.0 = Release|Any CPU
	EndGlobalSection
	GlobalSection(SolutionProperties) = preSolution
		HideSolutionNode = FALSE
	EndGlobalSection
	GlobalSection(ExtensibilityGlobals) = postSolution
		SolutionGuid = {B518444C-9068-4968-B225-8B3F9EA6F807}
	EndGlobalSection
EndGlobal
