
Microsoft Visual Studio Solution File, Format Version 12.00
# Visual Studio Version 16
VisualStudioVersion = 16.0.31702.278
MinimumVisualStudioVersion = 10.0.40219.1
Project("{FAE04EC0-301F-11D3-BF4B-00C04F79EFBC}") = "MonsterBall", "MonsterBall\MonsterBall.csproj", "{7C98DE0A-4796-4581-ADF7-1EA418119A07}"
EndProject
Global
	GlobalSection(SolutionConfigurationPlatforms) = preSolution
		Debug|Any CPU = Debug|Any CPU
		Release|Any CPU = Release|Any CPU
	EndGlobalSection
	GlobalSection(ProjectConfigurationPlatforms) = postSolution
		{7C98DE0A-4796-4581-ADF7-1EA418119A07}.Debug|Any CPU.ActiveCfg = Debug|Any CPU
		{7C98DE0A-4796-4581-ADF7-1EA418119A07}.Debug|Any CPU.Build.0 = Debug|Any CPU
		{7C98DE0A-4796-4581-ADF7-1EA418119A07}.Release|Any CPU.ActiveCfg = Release|Any CPU
		{7C98DE0A-4796-4581-ADF7-1EA418119A07}.Release|Any CPU.Build.0 = Release|Any CPU
	EndGlobalSection
	GlobalSection(SolutionProperties) = preSolution
		HideSolutionNode = FALSE
	EndGlobalSection
	GlobalSection(ExtensibilityGlobals) = postSolution
		SolutionGuid = {154B1711-EF0F-4B67-89E3-7D1841AE67F8}
	EndGlobalSection
EndGlobal
